<?xml version="1.0" encoding="Windows-1252"?>
<Project ToolsVersion="14.0" xmlns="http://schemas.microsoft.com/developer/msbuild/2003">
  <ItemGroup>
    <ClCompile Include="E:\workspace\git-workspace\opengl\src\shaders-using-object.cpp">
      <Filter>Source Files</Filter>
    </ClCompile>
  </ItemGroup>
  <ItemGroup>
    <CustomBuild Include="E:\workspace\git-workspace\opengl\CMakeLists.txt" />
  </ItemGroup>
  <ItemGroup>
    <Filter Include="Source Files">
      <UniqueIdentifier>{33843B83-6C85-4E4F-9CF4-E0C74054C1EA}</UniqueIdentifier>
    </Filter>
  </ItemGroup>
</Project>
